
Microsoft Visual Studio Solution File, Format Version 12.00
# Visual Studio 15
VisualStudioVersion = 15.0.27130.2010
MinimumVisualStudioVersion = 10.0.40219.1
Project("{FAE04EC0-301F-11D3-BF4B-00C04F79EFBC}") = "ContinuumProcessRunner", "ContinuumProcessRunner\ContinuumProcessRunner.csproj", "{C6519D63-F7DA-4BC5-B875-68952CCE189A}"
EndProject
Global
	GlobalSection(SolutionConfigurationPlatforms) = preSolution
		Debug|Any CPU = Debug|Any CPU
		Release|Any CPU = Release|Any CPU
	EndGlobalSection
	GlobalSection(ProjectConfigurationPlatforms) = postSolution
		{C6519D63-F7DA-4BC5-B875-68952CCE189A}.Debug|Any CPU.ActiveCfg = Debug|Any CPU
		{C6519D63-F7DA-4BC5-B875-68952CCE189A}.Debug|Any CPU.Build.0 = Debug|Any CPU
		{C6519D63-F7DA-4BC5-B875-68952CCE189A}.Release|Any CPU.ActiveCfg = Release|Any CPU
		{C6519D63-F7DA-4BC5-B875-68952CCE189A}.Release|Any CPU.Build.0 = Release|Any CPU
	EndGlobalSection
	GlobalSection(SolutionProperties) = preSolution
		HideSolutionNode = FALSE
	EndGlobalSection
	GlobalSection(ExtensibilityGlobals) = postSolution
		SolutionGuid = {5770E7AA-64B9-4F68-A917-7B0A9A8736FA}
	EndGlobalSection
EndGlobal
